
Microsoft Visual Studio Solution File, Format Version 12.00
# Visual Studio Version 16
VisualStudioVersion = 16.0.32630.194
MinimumVisualStudioVersion = 10.0.40219.1
Project("{FAE04EC0-301F-11D3-BF4B-00C04F79EFBC}") = "BookEventread", "BookEventread\BookEventread.csproj", "{4EEA9AD6-E28F-4A61-9495-0280E15050FE}"
EndProject
Global
	GlobalSection(SolutionConfigurationPlatforms) = preSolution
		Debug|Any CPU = Debug|Any CPU
		Release|Any CPU = Release|Any CPU
	EndGlobalSection
	GlobalSection(ProjectConfigurationPlatforms) = postSolution
		{4EEA9AD6-E28F-4A61-9495-0280E15050FE}.Debug|Any CPU.ActiveCfg = Debug|Any CPU
		{4EEA9AD6-E28F-4A61-9495-0280E15050FE}.Debug|Any CPU.Build.0 = Debug|Any CPU
		{4EEA9AD6-E28F-4A61-9495-0280E15050FE}.Release|Any CPU.ActiveCfg = Release|Any CPU
		{4EEA9AD6-E28F-4A61-9495-0280E15050FE}.Release|Any CPU.Build.0 = Release|Any CPU
	EndGlobalSection
	GlobalSection(SolutionProperties) = preSolution
		HideSolutionNode = FALSE
	EndGlobalSection
	GlobalSection(ExtensibilityGlobals) = postSolution
		SolutionGuid = {3F2C8F5B-51A8-4561-AB1D-F07ECEBD018F}
	EndGlobalSection
EndGlobal
