
Microsoft Visual Studio Solution File, Format Version 12.00
# Visual Studio Version 16
VisualStudioVersion = 16.0.32602.291
MinimumVisualStudioVersion = 10.0.40219.1
Project("{FAE04EC0-301F-11D3-BF4B-00C04F79EFBC}") = "BusinessLogicLayer", "BusinessLogicLayer\BusinessLogicLayer.csproj", "{D0752C36-9096-472F-8AF7-52B0EFBCAE71}"
EndProject
Project("{FAE04EC0-301F-11D3-BF4B-00C04F79EFBC}") = "DataAccessLayer", "DataAccessLayer\DataAccessLayer.csproj", "{479EEFC5-CD70-4D18-8FC2-32D2C91DE36F}"
EndProject
Project("{FAE04EC0-301F-11D3-BF4B-00C04F79EFBC}") = "MVC_ASSIGNMENT_5", "MVC_ASSIGNMENT_5\MVC_ASSIGNMENT_5.csproj", "{1DD94380-AF3D-4E60-9D9C-A63F926EE567}"
EndProject
Project("{FAE04EC0-301F-11D3-BF4B-00C04F79EFBC}") = "ServiceLayer", "SERVICELAYER\ServiceLayer.csproj", "{BC32625B-1995-49A4-A336-28EF799DE309}"
EndProject
Global
	GlobalSection(SolutionConfigurationPlatforms) = preSolution
		Debug|Any CPU = Debug|Any CPU
		Release|Any CPU = Release|Any CPU
	EndGlobalSection
	GlobalSection(ProjectConfigurationPlatforms) = postSolution
		{D0752C36-9096-472F-8AF7-52B0EFBCAE71}.Debug|Any CPU.ActiveCfg = Debug|Any CPU
		{D0752C36-9096-472F-8AF7-52B0EFBCAE71}.Debug|Any CPU.Build.0 = Debug|Any CPU
		{D0752C36-9096-472F-8AF7-52B0EFBCAE71}.Release|Any CPU.ActiveCfg = Release|Any CPU
		{D0752C36-9096-472F-8AF7-52B0EFBCAE71}.Release|Any CPU.Build.0 = Release|Any CPU
		{479EEFC5-CD70-4D18-8FC2-32D2C91DE36F}.Debug|Any CPU.ActiveCfg = Debug|Any CPU
		{479EEFC5-CD70-4D18-8FC2-32D2C91DE36F}.Debug|Any CPU.Build.0 = Debug|Any CPU
		{479EEFC5-CD70-4D18-8FC2-32D2C91DE36F}.Release|Any CPU.ActiveCfg = Release|Any CPU
		{479EEFC5-CD70-4D18-8FC2-32D2C91DE36F}.Release|Any CPU.Build.0 = Release|Any CPU
		{1DD94380-AF3D-4E60-9D9C-A63F926EE567}.Debug|Any CPU.ActiveCfg = Debug|Any CPU
		{1DD94380-AF3D-4E60-9D9C-A63F926EE567}.Debug|Any CPU.Build.0 = Debug|Any CPU
		{1DD94380-AF3D-4E60-9D9C-A63F926EE567}.Release|Any CPU.ActiveCfg = Release|Any CPU
		{1DD94380-AF3D-4E60-9D9C-A63F926EE567}.Release|Any CPU.Build.0 = Release|Any CPU
		{BC32625B-1995-49A4-A336-28EF799DE309}.Debug|Any CPU.ActiveCfg = Debug|Any CPU
		{BC32625B-1995-49A4-A336-28EF799DE309}.Debug|Any CPU.Build.0 = Debug|Any CPU
		{BC32625B-1995-49A4-A336-28EF799DE309}.Release|Any CPU.ActiveCfg = Release|Any CPU
		{BC32625B-1995-49A4-A336-28EF799DE309}.Release|Any CPU.Build.0 = Release|Any CPU
	EndGlobalSection
	GlobalSection(SolutionProperties) = preSolution
		HideSolutionNode = FALSE
	EndGlobalSection
	GlobalSection(ExtensibilityGlobals) = postSolution
		SolutionGuid = {7F4F3415-36DA-450C-8C85-E947192CCFBF}
	EndGlobalSection
EndGlobal
