
Microsoft Visual Studio Solution File, Format Version 12.00
# Visual Studio Version 16
VisualStudioVersion = 16.0.33027.164
MinimumVisualStudioVersion = 10.0.40219.1
Project("{FAE04EC0-301F-11D3-BF4B-00C04F79EFBC}") = "pipelinedemo", "pipelinedemo.csproj", "{F474FD77-D3A6-4FD4-B105-72C9EE4B351D}"
EndProject
Project("{FAE04EC0-301F-11D3-BF4B-00C04F79EFBC}") = "TestProject1", "..\TestProject1\TestProject1.csproj", "{8C425468-46F4-4FE4-AD39-3BB64DF4E2B2}"
EndProject
Global
	GlobalSection(SolutionConfigurationPlatforms) = preSolution
		Debug|Any CPU = Debug|Any CPU
		Release|Any CPU = Release|Any CPU
	EndGlobalSection
	GlobalSection(ProjectConfigurationPlatforms) = postSolution
		{F474FD77-D3A6-4FD4-B105-72C9EE4B351D}.Debug|Any CPU.ActiveCfg = Debug|Any CPU
		{F474FD77-D3A6-4FD4-B105-72C9EE4B351D}.Debug|Any CPU.Build.0 = Debug|Any CPU
		{F474FD77-D3A6-4FD4-B105-72C9EE4B351D}.Release|Any CPU.ActiveCfg = Release|Any CPU
		{F474FD77-D3A6-4FD4-B105-72C9EE4B351D}.Release|Any CPU.Build.0 = Release|Any CPU
		{8C425468-46F4-4FE4-AD39-3BB64DF4E2B2}.Debug|Any CPU.ActiveCfg = Debug|Any CPU
		{8C425468-46F4-4FE4-AD39-3BB64DF4E2B2}.Debug|Any CPU.Build.0 = Debug|Any CPU
		{8C425468-46F4-4FE4-AD39-3BB64DF4E2B2}.Release|Any CPU.ActiveCfg = Release|Any CPU
		{8C425468-46F4-4FE4-AD39-3BB64DF4E2B2}.Release|Any CPU.Build.0 = Release|Any CPU
	EndGlobalSection
	GlobalSection(SolutionProperties) = preSolution
		HideSolutionNode = FALSE
	EndGlobalSection
	GlobalSection(ExtensibilityGlobals) = postSolution
		SolutionGuid = {F558C377-818E-475C-93D3-42486ED3365F}
	EndGlobalSection
EndGlobal
